
Microsoft Visual Studio Solution File, Format Version 12.00
# Visual Studio Version 17
VisualStudioVersion = 17.0.31903.59
MinimumVisualStudioVersion = 10.0.40219.1
Project("{FAE04EC0-301F-11D3-BF4B-00C04F79EFBC}") = "lab31vN", "lab31vN\lab31vN.csproj", "{D17CB0B9-A269-4EFA-8A1A-9D4A8E84BD27}"
EndProject
Project("{FAE04EC0-301F-11D3-BF4B-00C04F79EFBC}") = "lab31vN.Tests", "lab31vN.Tests\lab31vN.Tests.csproj", "{20244778-8B84-4222-896F-9834EB5D2207}"
EndProject
Global
	GlobalSection(SolutionConfigurationPlatforms) = preSolution
		Debug|Any CPU = Debug|Any CPU
		Debug|x64 = Debug|x64
		Debug|x86 = Debug|x86
		Release|Any CPU = Release|Any CPU
		Release|x64 = Release|x64
		Release|x86 = Release|x86
	EndGlobalSection
	GlobalSection(ProjectConfigurationPlatforms) = postSolution
		{D17CB0B9-A269-4EFA-8A1A-9D4A8E84BD27}.Debug|Any CPU.ActiveCfg = Debug|Any CPU
		{D17CB0B9-A269-4EFA-8A1A-9D4A8E84BD27}.Debug|Any CPU.Build.0 = Debug|Any CPU
		{D17CB0B9-A269-4EFA-8A1A-9D4A8E84BD27}.Debug|x64.ActiveCfg = Debug|Any CPU
		{D17CB0B9-A269-4EFA-8A1A-9D4A8E84BD27}.Debug|x64.Build.0 = Debug|Any CPU
		{D17CB0B9-A269-4EFA-8A1A-9D4A8E84BD27}.Debug|x86.ActiveCfg = Debug|Any CPU
		{D17CB0B9-A269-4EFA-8A1A-9D4A8E84BD27}.Debug|x86.Build.0 = Debug|Any CPU
		{D17CB0B9-A269-4EFA-8A1A-9D4A8E84BD27}.Release|Any CPU.ActiveCfg = Release|Any CPU
		{D17CB0B9-A269-4EFA-8A1A-9D4A8E84BD27}.Release|Any CPU.Build.0 = Release|Any CPU
		{D17CB0B9-A269-4EFA-8A1A-9D4A8E84BD27}.Release|x64.ActiveCfg = Release|Any CPU
		{D17CB0B9-A269-4EFA-8A1A-9D4A8E84BD27}.Release|x64.Build.0 = Release|Any CPU
		{D17CB0B9-A269-4EFA-8A1A-9D4A8E84BD27}.Release|x86.ActiveCfg = Release|Any CPU
		{D17CB0B9-A269-4EFA-8A1A-9D4A8E84BD27}.Release|x86.Build.0 = Release|Any CPU
		{20244778-8B84-4222-896F-9834EB5D2207}.Debug|Any CPU.ActiveCfg = Debug|Any CPU
		{20244778-8B84-4222-896F-9834EB5D2207}.Debug|Any CPU.Build.0 = Debug|Any CPU
		{20244778-8B84-4222-896F-9834EB5D2207}.Debug|x64.ActiveCfg = Debug|Any CPU
		{20244778-8B84-4222-896F-9834EB5D2207}.Debug|x64.Build.0 = Debug|Any CPU
		{20244778-8B84-4222-896F-9834EB5D2207}.Debug|x86.ActiveCfg = Debug|Any CPU
		{20244778-8B84-4222-896F-9834EB5D2207}.Debug|x86.Build.0 = Debug|Any CPU
		{20244778-8B84-4222-896F-9834EB5D2207}.Release|Any CPU.ActiveCfg = Release|Any CPU
		{20244778-8B84-4222-896F-9834EB5D2207}.Release|Any CPU.Build.0 = Release|Any CPU
		{20244778-8B84-4222-896F-9834EB5D2207}.Release|x64.ActiveCfg = Release|Any CPU
		{20244778-8B84-4222-896F-9834EB5D2207}.Release|x64.Build.0 = Release|Any CPU
		{20244778-8B84-4222-896F-9834EB5D2207}.Release|x86.ActiveCfg = Release|Any CPU
		{20244778-8B84-4222-896F-9834EB5D2207}.Release|x86.Build.0 = Release|Any CPU
	EndGlobalSection
	GlobalSection(SolutionProperties) = preSolution
		HideSolutionNode = FALSE
	EndGlobalSection
EndGlobal
